PODS:
  - AFNetworking (3.1.0):
    - AFNetworking/NSURLSession (= 3.1.0)
    - AFNetworking/Reachability (= 3.1.0)
    - AFNetworking/Security (= 3.1.0)
    - AFNetworking/Serialization (= 3.1.0)
    - AFNetworking/UIKit (= 3.1.0)
  - AFNetworking/NSURLSession (3.1.0):
    - AFNetworking/Reachability
    - AFNetworking/Security
    - AFNetworking/Serialization
  - AFNetworking/Reachability (3.1.0)
  - AFNetworking/Security (3.1.0)
  - AFNetworking/Serialization (3.1.0)
  - AFNetworking/UIKit (3.1.0):
    - AFNetworking/NSURLSession
  - FMDB (2.6.2):
    - FMDB/standard (= 2.6.2)
  - FMDB/standard (2.6.2)
  - Kiwi (2.4.0)
  - Masonry (1.0.1)
  - MBProgressHUD (1.0.0)
  - MJExtension (3.0.13)
  - RongCloudIMKit (2.7.3)
  - YYKit (1.0.9):
    - YYKit/no-arc (= 1.0.9)
  - YYKit/no-arc (1.0.9)

DEPENDENCIES:
  - AFNetworking
  - FMDB
  - Kiwi
  - Masonry
  - MBProgressHUD
  - MJExtension
  - RongCloudIMKit
  - YYKit

SPEC CHECKSUMS:
  AFNetworking: 5e0e199f73d8626b11e79750991f5d173d1f8b67
  FMDB: 854a0341b4726e53276f2a8996f06f1b80f9259a
  Kiwi: f49c9d54b28917df5928fe44968a39ed198cb8a8
  Masonry: a1a931a0d08870ed8ae415a2ea5ea68ebcac77df
  MBProgressHUD: 4890f671c94e8a0f3cf959aa731e9de2f036d71a
  MJExtension: 5932755f451458eefa24239358817f8d291240c7
  RongCloudIMKit: 0b93700b17d224c7c213815b8a23a9c356fe20e2
  YYKit: 7cda43304a8dc3696c449041e2cb3107b4e236e7

PODFILE CHECKSUM: 18fb6fe3cfe0261c7e3ee10ea760c5d991a6f316

COCOAPODS: 1.0.1
