// !$*UTF8*$!
{
	archiveVersion = 1;
	classes = {
	};
	objectVersion = 46;
	objects = {

/* Begin PBXBuildFile section */
		5F05AE891D48F70D00FF8495 /* main.m in Sources */ = {isa = PBXBuildFile; fileRef = 5F05AE881D48F70D00FF8495 /* main.m */; };
		5F05AE8C1D48F70E00FF8495 /* AppDelegate.m in Sources */ = {isa = PBXBuildFile; fileRef = 5F05AE8B1D48F70E00FF8495 /* AppDelegate.m */; };
		5F05AE8E1D48F70E00FF8495 /* Assets.xcassets in Resources */ = {isa = PBXBuildFile; fileRef = 5F05AE8D1D48F70E00FF8495 /* Assets.xcassets */; };
		5F05AE911D48F70E00FF8495 /* LaunchScreen.storyboard in Resources */ = {isa = PBXBuildFile; fileRef = 5F05AE8F1D48F70E00FF8495 /* LaunchScreen.storyboard */; };
		5F05AE9C1D48F70E00FF8495 /* DouDouTests.m in Sources */ = {isa = PBXBuildFile; fileRef = 5F05AE9B1D48F70E00FF8495 /* DouDouTests.m */; };
		5F05AECB1D49A04B00FF8495 /* UIImage+CY.m in Sources */ = {isa = PBXBuildFile; fileRef = 5F05AECA1D49A04B00FF8495 /* UIImage+CY.m */; };
		5F05AECE1D49A30300FF8495 /* UIView+CY.m in Sources */ = {isa = PBXBuildFile; fileRef = 5F05AECD1D49A30200FF8495 /* UIView+CY.m */; };
		5F05AED11D49A5FC00FF8495 /* DDRootViewController.m in Sources */ = {isa = PBXBuildFile; fileRef = 5F05AED01D49A5FC00FF8495 /* DDRootViewController.m */; };
		5F05AEF01D49B3DB00FF8495 /* Images.xcassets in Resources */ = {isa = PBXBuildFile; fileRef = 5F05AEEF1D49B3DB00FF8495 /* Images.xcassets */; };
		5F1708421D59B7CB00FC5250 /* DDBaseDBHandle.m in Sources */ = {isa = PBXBuildFile; fileRef = 5F1708411D59B7CB00FC5250 /* DDBaseDBHandle.m */; };
		5F1708451D59B8F500FC5250 /* DDBaseDBHandle+Contact.m in Sources */ = {isa = PBXBuildFile; fileRef = 5F1708441D59B8F500FC5250 /* DDBaseDBHandle+Contact.m */; };
		5F1708481D59C42B00FC5250 /* DDDetailCell.m in Sources */ = {isa = PBXBuildFile; fileRef = 5F1708471D59C42B00FC5250 /* DDDetailCell.m */; };
		5F17084B1D59CE0D00FC5250 /* DDDetailViewController.m in Sources */ = {isa = PBXBuildFile; fileRef = 5F17084A1D59CE0D00FC5250 /* DDDetailViewController.m */; };
		5F1708511D59D8CA00FC5250 /* DDEditViewController.m in Sources */ = {isa = PBXBuildFile; fileRef = 5F1708501D59D8CA00FC5250 /* DDEditViewController.m */; };
		5F5901A91D4AFEEB009F7DFA /* DDLoginCellView.m in Sources */ = {isa = PBXBuildFile; fileRef = 5F5901A81D4AFEEB009F7DFA /* DDLoginCellView.m */; };
		5F5901B11D4AFF47009F7DFA /* DDForgetPwdViewController.m in Sources */ = {isa = PBXBuildFile; fileRef = 5F5901AD1D4AFF47009F7DFA /* DDForgetPwdViewController.m */; };
		5F5901B91D4B06DE009F7DFA /* DDRegisterViewController.m in Sources */ = {isa = PBXBuildFile; fileRef = 5F5901B81D4B06DE009F7DFA /* DDRegisterViewController.m */; };
		5F5901BE1D4B0B00009F7DFA /* return_button.png in Resources */ = {isa = PBXBuildFile; fileRef = 5F5901BB1D4B0B00009F7DFA /* return_button.png */; };
		5F5901BF1D4B0B00009F7DFA /* return_button@2x.png in Resources */ = {isa = PBXBuildFile; fileRef = 5F5901BC1D4B0B00009F7DFA /* return_button@2x.png */; };
		5F5901C01D4B0B00009F7DFA /* return_button@3x.png in Resources */ = {isa = PBXBuildFile; fileRef = 5F5901BD1D4B0B00009F7DFA /* return_button@3x.png */; };
		5F5901C51D4B0CD1009F7DFA /* DDNavigationViewController.m in Sources */ = {isa = PBXBuildFile; fileRef = 5F5901C41D4B0CD1009F7DFA /* DDNavigationViewController.m */; };
		5F5901CE1D4B0FBC009F7DFA /* DDContactsViewController.m in Sources */ = {isa = PBXBuildFile; fileRef = 5F5901CD1D4B0FBC009F7DFA /* DDContactsViewController.m */; };
		5F5901D11D4B0FDD009F7DFA /* DDMoreViewController.m in Sources */ = {isa = PBXBuildFile; fileRef = 5F5901D01D4B0FDD009F7DFA /* DDMoreViewController.m */; };
		5F5901D41D4B137A009F7DFA /* DDLoginViewController.m in Sources */ = {isa = PBXBuildFile; fileRef = 5F5901D31D4B137A009F7DFA /* DDLoginViewController.m */; };
		5F5901D81D4B2D6D009F7DFA /* DDAccountTool.m in Sources */ = {isa = PBXBuildFile; fileRef = 5F5901D71D4B2D6D009F7DFA /* DDAccountTool.m */; };
		5F5901DC1D4B2DED009F7DFA /* DDAccount.m in Sources */ = {isa = PBXBuildFile; fileRef = 5F5901DB1D4B2DED009F7DFA /* DDAccount.m */; };
		5F5901E21D4B45DB009F7DFA /* DDMoreDefaultCell.m in Sources */ = {isa = PBXBuildFile; fileRef = 5F5901E11D4B45DB009F7DFA /* DDMoreDefaultCell.m */; };
		5F5901E51D4B4BBE009F7DFA /* DDCommonTableViewCell.m in Sources */ = {isa = PBXBuildFile; fileRef = 5F5901E41D4B4BBE009F7DFA /* DDCommonTableViewCell.m */; };
		5F5901EF1D4B510F009F7DFA /* right_icon.png in Resources */ = {isa = PBXBuildFile; fileRef = 5F5901EC1D4B510F009F7DFA /* right_icon.png */; };
		5F5901F01D4B510F009F7DFA /* right_icon@2x.png in Resources */ = {isa = PBXBuildFile; fileRef = 5F5901ED1D4B510F009F7DFA /* right_icon@2x.png */; };
		5F5901F11D4B510F009F7DFA /* right_icon@3x.png in Resources */ = {isa = PBXBuildFile; fileRef = 5F5901EE1D4B510F009F7DFA /* right_icon@3x.png */; };
		5F5901FC1D4B543F009F7DFA /* DDMoreImageCell.m in Sources */ = {isa = PBXBuildFile; fileRef = 5F5901FB1D4B543F009F7DFA /* DDMoreImageCell.m */; };
		5F5902001D4B5D3D009F7DFA /* tx01.png in Resources */ = {isa = PBXBuildFile; fileRef = 5F5901FD1D4B5D3D009F7DFA /* tx01.png */; };
		5F5902011D4B5D3D009F7DFA /* tx01@2x.png in Resources */ = {isa = PBXBuildFile; fileRef = 5F5901FE1D4B5D3D009F7DFA /* tx01@2x.png */; };
		5F5902021D4B5D3D009F7DFA /* tx01@3x.png in Resources */ = {isa = PBXBuildFile; fileRef = 5F5901FF1D4B5D3D009F7DFA /* tx01@3x.png */; };
		5F59022C1D4EEFA4009F7DFA /* DDContactsCell.m in Sources */ = {isa = PBXBuildFile; fileRef = 5F59022B1D4EEFA4009F7DFA /* DDContactsCell.m */; };
		5F59022F1D503A01009F7DFA /* DDContactsSearchViewController.m in Sources */ = {isa = PBXBuildFile; fileRef = 5F59022E1D503A01009F7DFA /* DDContactsSearchViewController.m */; };
		5F5902391D504DE8009F7DFA /* DDContactsHeadView.m in Sources */ = {isa = PBXBuildFile; fileRef = 5F5902381D504DE8009F7DFA /* DDContactsHeadView.m */; };
		5F59023F1D506193009F7DFA /* DDAddContactViewController.m in Sources */ = {isa = PBXBuildFile; fileRef = 5F59023E1D506193009F7DFA /* DDAddContactViewController.m */; };
		5F5902421D507CF1009F7DFA /* DDLabelCellView.m in Sources */ = {isa = PBXBuildFile; fileRef = 5F5902411D507CF1009F7DFA /* DDLabelCellView.m */; };
		5F5902451D508D4C009F7DFA /* DDImageCellView.m in Sources */ = {isa = PBXBuildFile; fileRef = 5F5902441D508D4C009F7DFA /* DDImageCellView.m */; };
		5F5902511D50D6F0009F7DFA /* DDDialCell.m in Sources */ = {isa = PBXBuildFile; fileRef = 5F5902501D50D6F0009F7DFA /* DDDialCell.m */; };
		5F5902541D50D9AF009F7DFA /* DDCallRecord.m in Sources */ = {isa = PBXBuildFile; fileRef = 5F5902531D50D9AF009F7DFA /* DDCallRecord.m */; };
		5F5902571D50DB05009F7DFA /* DDContact.m in Sources */ = {isa = PBXBuildFile; fileRef = 5F5902561D50DB05009F7DFA /* DDContact.m */; };
		5F59025A1D50DEBC009F7DFA /* DDDialViewController.m in Sources */ = {isa = PBXBuildFile; fileRef = 5F5902591D50DEBC009F7DFA /* DDDialViewController.m */; };
		5F5902631D518E51009F7DFA /* DDCallViewController.m in Sources */ = {isa = PBXBuildFile; fileRef = 5F5902621D518E51009F7DFA /* DDCallViewController.m */; };
		5F5902661D51A166009F7DFA /* DDDialBoardView.m in Sources */ = {isa = PBXBuildFile; fileRef = 5F5902651D51A166009F7DFA /* DDDialBoardView.m */; };
		5F675BAA1D5B019E00C4C9A6 /* DDContactsDataHelper.m in Sources */ = {isa = PBXBuildFile; fileRef = 5F675BA91D5B019E00C4C9A6 /* DDContactsDataHelper.m */; };
		5F675BB01D5B02D800C4C9A6 /* NSString+CY.m in Sources */ = {isa = PBXBuildFile; fileRef = 5F675BAF1D5B02D800C4C9A6 /* NSString+CY.m */; };
		5F675BB61D5B0F2000C4C9A6 /* DDBaseDBHandle+CallRecord.m in Sources */ = {isa = PBXBuildFile; fileRef = 5F675BB51D5B0F2000C4C9A6 /* DDBaseDBHandle+CallRecord.m */; };
		5F675BB91D5B2B0F00C4C9A6 /* NSDate+CY.m in Sources */ = {isa = PBXBuildFile; fileRef = 5F675BB81D5B2B0F00C4C9A6 /* NSDate+CY.m */; };
		5F98D6EB1D51BFEE00AED0ED /* DeleteEmoticonBtn@2x.png in Resources */ = {isa = PBXBuildFile; fileRef = 5F98D6EA1D51BFEE00AED0ED /* DeleteEmoticonBtn@2x.png */; };
		5F98D7001D53252F00AED0ED /* DDAccountAPIManager.m in Sources */ = {isa = PBXBuildFile; fileRef = 5F98D6FF1D53252F00AED0ED /* DDAccountAPIManager.m */; };
		5F98D7031D53264900AED0ED /* DDContactsAPIManager.m in Sources */ = {isa = PBXBuildFile; fileRef = 5F98D7021D53264900AED0ED /* DDContactsAPIManager.m */; };
		5F98D7061D532A4600AED0ED /* CYHTTPTool.m in Sources */ = {isa = PBXBuildFile; fileRef = 5F98D7051D532A4600AED0ED /* CYHTTPTool.m */; };
		5F98D7091D532B0600AED0ED /* DDBaseAPIManager.m in Sources */ = {isa = PBXBuildFile; fileRef = 5F98D7081D532B0600AED0ED /* DDBaseAPIManager.m */; };
		5F98D7221D54345200AED0ED /* DDJsonResponse.m in Sources */ = {isa = PBXBuildFile; fileRef = 5F98D7211D54345200AED0ED /* DDJsonResponse.m */; };
		5F98D7251D54349B00AED0ED /* DDCodeResponse.m in Sources */ = {isa = PBXBuildFile; fileRef = 5F98D7241D54349B00AED0ED /* DDCodeResponse.m */; };
		5F98D7281D546D8C00AED0ED /* MBProgressHUD+CY.m in Sources */ = {isa = PBXBuildFile; fileRef = 5F98D7271D546D8C00AED0ED /* MBProgressHUD+CY.m */; };
		5F98D7311D5482C000AED0ED /* DDControllerTool.m in Sources */ = {isa = PBXBuildFile; fileRef = 5F98D7301D5482C000AED0ED /* DDControllerTool.m */; };
		5F98D7401D5863CA00AED0ED /* DDClientIdResponse.m in Sources */ = {isa = PBXBuildFile; fileRef = 5F98D73F1D5863CA00AED0ED /* DDClientIdResponse.m */; };
		5F98D7431D5863E500AED0ED /* DDNumberResponse.m in Sources */ = {isa = PBXBuildFile; fileRef = 5F98D7421D5863E500AED0ED /* DDNumberResponse.m */; };
		5F98D7461D58680100AED0ED /* DDContactsResponse.m in Sources */ = {isa = PBXBuildFile; fileRef = 5F98D7451D58680100AED0ED /* DDContactsResponse.m */; };
		81F9CE1AC37CE99F6A5BBCEC /* Pods_DouDouTests.framework in Frameworks */ = {isa = PBXBuildFile; fileRef = 73A1A3DD9F378A722E48F5FA /* Pods_DouDouTests.framework */; };
		F69A7A736F444C16E65185F4 /* Pods_DouDou.framework in Frameworks */ = {isa = PBXBuildFile; fileRef = 7297474A5DBB664413A96E8B /* Pods_DouDou.framework */; };
/* End PBXBuildFile section */

/* Begin PBXContainerItemProxy section */
		5F05AE981D48F70E00FF8495 /* PBXContainerItemProxy */ = {
			isa = PBXContainerItemProxy;
			containerPortal = 5F05AE7C1D48F70D00FF8495 /* Project object */;
			proxyType = 1;
			remoteGlobalIDString = 5F05AE831D48F70D00FF8495;
			remoteInfo = DouDou;
		};
/* End PBXContainerItemProxy section */

/* Begin PBXFileReference section */
		128FAD7F90B9F5781C2213A0 /* Pods-DouDou.release.xcconfig */ = {isa = PBXFileReference; includeInIndex = 1; lastKnownFileType = text.xcconfig; name = "Pods-DouDou.release.xcconfig"; path = "Pods/Target Support Files/Pods-DouDou/Pods-DouDou.release.xcconfig"; sourceTree = "<group>"; };
		4433E338FAAE3AD141C7C0F9 /* Pods-DouDou.debug.xcconfig */ = {isa = PBXFileReference; includeInIndex = 1; lastKnownFileType = text.xcconfig; name = "Pods-DouDou.debug.xcconfig"; path = "Pods/Target Support Files/Pods-DouDou/Pods-DouDou.debug.xcconfig"; sourceTree = "<group>"; };
		5F05AE841D48F70D00FF8495 /* DouDou.app */ = {isa = PBXFileReference; explicitFileType = wrapper.application; includeInIndex = 0; path = DouDou.app; sourceTree = BUILT_PRODUCTS_DIR; };
		5F05AE881D48F70D00FF8495 /* main.m */ = {isa = PBXFileReference; lastKnownFileType = sourcecode.c.objc; path = main.m; sourceTree = "<group>"; };
		5F05AE8A1D48F70E00FF8495 /* AppDelegate.h */ = {isa = PBXFileReference; lastKnownFileType = sourcecode.c.h; path = AppDelegate.h; sourceTree = "<group>"; };
		5F05AE8B1D48F70E00FF8495 /* AppDelegate.m */ = {isa = PBXFileReference; lastKnownFileType = sourcecode.c.objc; path = AppDelegate.m; sourceTree = "<group>"; };
		5F05AE8D1D48F70E00FF8495 /* Assets.xcassets */ = {isa = PBXFileReference; lastKnownFileType = folder.assetcatalog; path = Assets.xcassets; sourceTree = "<group>"; };
		5F05AE901D48F70E00FF8495 /* Base */ = {isa = PBXFileReference; lastKnownFileType = file.storyboard; name = Base; path = Base.lproj/LaunchScreen.storyboard; sourceTree = "<group>"; };
		5F05AE921D48F70E00FF8495 /* Info.plist */ = {isa = PBXFileReference; lastKnownFileType = text.plist.xml; path = Info.plist; sourceTree = "<group>"; };
		5F05AE971D48F70E00FF8495 /* DouDouTests.xctest */ = {isa = PBXFileReference; explicitFileType = wrapper.cfbundle; includeInIndex = 0; path = DouDouTests.xctest; sourceTree = BUILT_PRODUCTS_DIR; };
		5F05AE9B1D48F70E00FF8495 /* DouDouTests.m */ = {isa = PBXFileReference; lastKnownFileType = sourcecode.c.objc; path = DouDouTests.m; sourceTree = "<group>"; };
		5F05AE9D1D48F70E00FF8495 /* Info.plist */ = {isa = PBXFileReference; lastKnownFileType = text.plist.xml; path = Info.plist; sourceTree = "<group>"; };
		5F05AEC91D49A04B00FF8495 /* UIImage+CY.h */ = {isa = PBXFileReference; fileEncoding = 4; lastKnownFileType = sourcecode.c.h; path = "UIImage+CY.h"; sourceTree = "<group>"; };
		5F05AECA1D49A04B00FF8495 /* UIImage+CY.m */ = {isa = PBXFileReference; fileEncoding = 4; lastKnownFileType = sourcecode.c.objc; path = "UIImage+CY.m"; sourceTree = "<group>"; };
		5F05AECC1D49A30200FF8495 /* UIView+CY.h */ = {isa = PBXFileReference; fileEncoding = 4; lastKnownFileType = sourcecode.c.h; path = "UIView+CY.h"; sourceTree = "<group>"; };
		5F05AECD1D49A30200FF8495 /* UIView+CY.m */ = {isa = PBXFileReference; fileEncoding = 4; lastKnownFileType = sourcecode.c.objc; path = "UIView+CY.m"; sourceTree = "<group>"; };
		5F05AECF1D49A5FC00FF8495 /* DDRootViewController.h */ = {isa = PBXFileReference; fileEncoding = 4; lastKnownFileType = sourcecode.c.h; path = DDRootViewController.h; sourceTree = "<group>"; };
		5F05AED01D49A5FC00FF8495 /* DDRootViewController.m */ = {isa = PBXFileReference; fileEncoding = 4; lastKnownFileType = sourcecode.c.objc; path = DDRootViewController.m; sourceTree = "<group>"; };
		5F05AEE51D49A8D200FF8495 /* PrefixHeader.pch */ = {isa = PBXFileReference; lastKnownFileType = sourcecode.c.h; path = PrefixHeader.pch; sourceTree = "<group>"; };
		5F05AEE61D49A95700FF8495 /* Macros.h */ = {isa = PBXFileReference; lastKnownFileType = sourcecode.c.h; path = Macros.h; sourceTree = "<group>"; };
		5F05AEEF1D49B3DB00FF8495 /* Images.xcassets */ = {isa = PBXFileReference; lastKnownFileType = folder.assetcatalog; name = Images.xcassets; path = Resource/Images.xcassets; sourceTree = "<group>"; };
		5F1708401D59B7CB00FC5250 /* DDBaseDBHandle.h */ = {isa = PBXFileReference; fileEncoding = 4; lastKnownFileType = sourcecode.c.h; path = DDBaseDBHandle.h; sourceTree = "<group>"; };
		5F1708411D59B7CB00FC5250 /* DDBaseDBHandle.m */ = {isa = PBXFileReference; fileEncoding = 4; lastKnownFileType = sourcecode.c.objc; path = DDBaseDBHandle.m; sourceTree = "<group>"; };
		5F1708431D59B8F500FC5250 /* DDBaseDBHandle+Contact.h */ = {isa = PBXFileReference; fileEncoding = 4; lastKnownFileType = sourcecode.c.h; path = "DDBaseDBHandle+Contact.h"; sourceTree = "<group>"; };
		5F1708441D59B8F500FC5250 /* DDBaseDBHandle+Contact.m */ = {isa = PBXFileReference; fileEncoding = 4; lastKnownFileType = sourcecode.c.objc; path = "DDBaseDBHandle+Contact.m"; sourceTree = "<group>"; };
		5F1708461D59C42B00FC5250 /* DDDetailCell.h */ = {isa = PBXFileReference; fileEncoding = 4; lastKnownFileType = sourcecode.c.h; path = DDDetailCell.h; sourceTree = "<group>"; };
		5F1708471D59C42B00FC5250 /* DDDetailCell.m */ = {isa = PBXFileReference; fileEncoding = 4; lastKnownFileType = sourcecode.c.objc; path = DDDetailCell.m; sourceTree = "<group>"; };
		5F1708491D59CE0D00FC5250 /* DDDetailViewController.h */ = {isa = PBXFileReference; fileEncoding = 4; lastKnownFileType = sourcecode.c.h; path = DDDetailViewController.h; sourceTree = "<group>"; };
		5F17084A1D59CE0D00FC5250 /* DDDetailViewController.m */ = {isa = PBXFileReference; fileEncoding = 4; lastKnownFileType = sourcecode.c.objc; path = DDDetailViewController.m; sourceTree = "<group>"; };
		5F17084F1D59D8CA00FC5250 /* DDEditViewController.h */ = {isa = PBXFileReference; fileEncoding = 4; lastKnownFileType = sourcecode.c.h; path = DDEditViewController.h; sourceTree = "<group>"; };
		5F1708501D59D8CA00FC5250 /* DDEditViewController.m */ = {isa = PBXFileReference; fileEncoding = 4; lastKnownFileType = sourcecode.c.objc; path = DDEditViewController.m; sourceTree = "<group>"; };
		5F5901A71D4AFEEB009F7DFA /* DDLoginCellView.h */ = {isa = PBXFileReference; fileEncoding = 4; lastKnownFileType = sourcecode.c.h; path = DDLoginCellView.h; sourceTree = "<group>"; };
		5F5901A81D4AFEEB009F7DFA /* DDLoginCellView.m */ = {isa = PBXFileReference; fileEncoding = 4; lastKnownFileType = sourcecode.c.objc; path = DDLoginCellView.m; sourceTree = "<group>"; };
		5F5901AC1D4AFF47009F7DFA /* DDForgetPwdViewController.h */ = {isa = PBXFileReference; fileEncoding = 4; lastKnownFileType = sourcecode.c.h; path = DDForgetPwdViewController.h; sourceTree = "<group>"; };
		5F5901AD1D4AFF47009F7DFA /* DDForgetPwdViewController.m */ = {isa = PBXFileReference; fileEncoding = 4; lastKnownFileType = sourcecode.c.objc; path = DDForgetPwdViewController.m; sourceTree = "<group>"; };
		5F5901B71D4B06DE009F7DFA /* DDRegisterViewController.h */ = {isa = PBXFileReference; fileEncoding = 4; lastKnownFileType = sourcecode.c.h; path = DDRegisterViewController.h; sourceTree = "<group>"; };
		5F5901B81D4B06DE009F7DFA /* DDRegisterViewController.m */ = {isa = PBXFileReference; fileEncoding = 4; lastKnownFileType = sourcecode.c.objc; path = DDRegisterViewController.m; sourceTree = "<group>"; };
		5F5901BB1D4B0B00009F7DFA /* return_button.png */ = {isa = PBXFileReference; lastKnownFileType = image.png; name = return_button.png; path = Resource/return_button.png; sourceTree = "<group>"; };
		5F5901BC1D4B0B00009F7DFA /* return_button@2x.png */ = {isa = PBXFileReference; lastKnownFileType = image.png; name = "return_button@2x.png"; path = "Resource/return_button@2x.png"; sourceTree = "<group>"; };
		5F5901BD1D4B0B00009F7DFA /* return_button@3x.png */ = {isa = PBXFileReference; lastKnownFileType = image.png; name = "return_button@3x.png"; path = "Resource/return_button@3x.png"; sourceTree = "<group>"; };
		5F5901C31D4B0CD1009F7DFA /* DDNavigationViewController.h */ = {isa = PBXFileReference; fileEncoding = 4; lastKnownFileType = sourcecode.c.h; path = DDNavigationViewController.h; sourceTree = "<group>"; };
		5F5901C41D4B0CD1009F7DFA /* DDNavigationViewController.m */ = {isa = PBXFileReference; fileEncoding = 4; lastKnownFileType = sourcecode.c.objc; path = DDNavigationViewController.m; sourceTree = "<group>"; };
		5F5901CC1D4B0FBC009F7DFA /* DDContactsViewController.h */ = {isa = PBXFileReference; fileEncoding = 4; lastKnownFileType = sourcecode.c.h; path = DDContactsViewController.h; sourceTree = "<group>"; };
		5F5901CD1D4B0FBC009F7DFA /* DDContactsViewController.m */ = {isa = PBXFileReference; fileEncoding = 4; lastKnownFileType = sourcecode.c.objc; path = DDContactsViewController.m; sourceTree = "<group>"; };
		5F5901CF1D4B0FDD009F7DFA /* DDMoreViewController.h */ = {isa = PBXFileReference; fileEncoding = 4; lastKnownFileType = sourcecode.c.h; path = DDMoreViewController.h; sourceTree = "<group>"; };
		5F5901D01D4B0FDD009F7DFA /* DDMoreViewController.m */ = {isa = PBXFileReference; fileEncoding = 4; lastKnownFileType = sourcecode.c.objc; path = DDMoreViewController.m; sourceTree = "<group>"; };
		5F5901D21D4B137A009F7DFA /* DDLoginViewController.h */ = {isa = PBXFileReference; fileEncoding = 4; lastKnownFileType = sourcecode.c.h; path = DDLoginViewController.h; sourceTree = "<group>"; };
		5F5901D31D4B137A009F7DFA /* DDLoginViewController.m */ = {isa = PBXFileReference; fileEncoding = 4; lastKnownFileType = sourcecode.c.objc; path = DDLoginViewController.m; sourceTree = "<group>"; };
		5F5901D61D4B2D6D009F7DFA /* DDAccountTool.h */ = {isa = PBXFileReference; fileEncoding = 4; lastKnownFileType = sourcecode.c.h; path = DDAccountTool.h; sourceTree = "<group>"; };
		5F5901D71D4B2D6D009F7DFA /* DDAccountTool.m */ = {isa = PBXFileReference; fileEncoding = 4; lastKnownFileType = sourcecode.c.objc; path = DDAccountTool.m; sourceTree = "<group>"; };
		5F5901DA1D4B2DED009F7DFA /* DDAccount.h */ = {isa = PBXFileReference; fileEncoding = 4; lastKnownFileType = sourcecode.c.h; path = DDAccount.h; sourceTree = "<group>"; };
		5F5901DB1D4B2DED009F7DFA /* DDAccount.m */ = {isa = PBXFileReference; fileEncoding = 4; lastKnownFileType = sourcecode.c.objc; path = DDAccount.m; sourceTree = "<group>"; };
		5F5901E01D4B45DB009F7DFA /* DDMoreDefaultCell.h */ = {isa = PBXFileReference; fileEncoding = 4; lastKnownFileType = sourcecode.c.h; path = DDMoreDefaultCell.h; sourceTree = "<group>"; };
		5F5901E11D4B45DB009F7DFA /* DDMoreDefaultCell.m */ = {isa = PBXFileReference; fileEncoding = 4; lastKnownFileType = sourcecode.c.objc; path = DDMoreDefaultCell.m; sourceTree = "<group>"; };
		5F5901E31D4B4BBE009F7DFA /* DDCommonTableViewCell.h */ = {isa = PBXFileReference; fileEncoding = 4; lastKnownFileType = sourcecode.c.h; path = DDCommonTableViewCell.h; sourceTree = "<group>"; };
		5F5901E41D4B4BBE009F7DFA /* DDCommonTableViewCell.m */ = {isa = PBXFileReference; fileEncoding = 4; lastKnownFileType = sourcecode.c.objc; path = DDCommonTableViewCell.m; sourceTree = "<group>"; };
		5F5901EC1D4B510F009F7DFA /* right_icon.png */ = {isa = PBXFileReference; lastKnownFileType = image.png; name = right_icon.png; path = Resource/right_icon.png; sourceTree = "<group>"; };
		5F5901ED1D4B510F009F7DFA /* right_icon@2x.png */ = {isa = PBXFileReference; lastKnownFileType = image.png; name = "right_icon@2x.png"; path = "Resource/right_icon@2x.png"; sourceTree = "<group>"; };
		5F5901EE1D4B510F009F7DFA /* right_icon@3x.png */ = {isa = PBXFileReference; lastKnownFileType = image.png; name = "right_icon@3x.png"; path = "Resource/right_icon@3x.png"; sourceTree = "<group>"; };
		5F5901FA1D4B543F009F7DFA /* DDMoreImageCell.h */ = {isa = PBXFileReference; fileEncoding = 4; lastKnownFileType = sourcecode.c.h; path = DDMoreImageCell.h; sourceTree = "<group>"; };
		5F5901FB1D4B543F009F7DFA /* DDMoreImageCell.m */ = {isa = PBXFileReference; fileEncoding = 4; lastKnownFileType = sourcecode.c.objc; path = DDMoreImageCell.m; sourceTree = "<group>"; };
		5F5901FD1D4B5D3D009F7DFA /* tx01.png */ = {isa = PBXFileReference; lastKnownFileType = image.png; name = tx01.png; path = Resource/tx01.png; sourceTree = "<group>"; };
		5F5901FE1D4B5D3D009F7DFA /* tx01@2x.png */ = {isa = PBXFileReference; lastKnownFileType = image.png; name = "tx01@2x.png"; path = "Resource/tx01@2x.png"; sourceTree = "<group>"; };
		5F5901FF1D4B5D3D009F7DFA /* tx01@3x.png */ = {isa = PBXFileReference; lastKnownFileType = image.png; name = "tx01@3x.png"; path = "Resource/tx01@3x.png"; sourceTree = "<group>"; };
		5F59022A1D4EEFA4009F7DFA /* DDContactsCell.h */ = {isa = PBXFileReference; fileEncoding = 4; lastKnownFileType = sourcecode.c.h; path = DDContactsCell.h; sourceTree = "<group>"; };
		5F59022B1D4EEFA4009F7DFA /* DDContactsCell.m */ = {isa = PBXFileReference; fileEncoding = 4; lastKnownFileType = sourcecode.c.objc; path = DDContactsCell.m; sourceTree = "<group>"; };
		5F59022D1D503A01009F7DFA /* DDContactsSearchViewController.h */ = {isa = PBXFileReference; fileEncoding = 4; lastKnownFileType = sourcecode.c.h; path = DDContactsSearchViewController.h; sourceTree = "<group>"; };
		5F59022E1D503A01009F7DFA /* DDContactsSearchViewController.m */ = {isa = PBXFileReference; fileEncoding = 4; lastKnownFileType = sourcecode.c.objc; path = DDContactsSearchViewController.m; sourceTree = "<group>"; };
		5F5902371D504DE8009F7DFA /* DDContactsHeadView.h */ = {isa = PBXFileReference; fileEncoding = 4; lastKnownFileType = sourcecode.c.h; path = DDContactsHeadView.h; sourceTree = "<group>"; };
		5F5902381D504DE8009F7DFA /* DDContactsHeadView.m */ = {isa = PBXFileReference; fileEncoding = 4; lastKnownFileType = sourcecode.c.objc; path = DDContactsHeadView.m; sourceTree = "<group>"; };
		5F59023D1D506193009F7DFA /* DDAddContactViewController.h */ = {isa = PBXFileReference; fileEncoding = 4; lastKnownFileType = sourcecode.c.h; path = DDAddContactViewController.h; sourceTree = "<group>"; };
		5F59023E1D506193009F7DFA /* DDAddContactViewController.m */ = {isa = PBXFileReference; fileEncoding = 4; lastKnownFileType = sourcecode.c.objc; path = DDAddContactViewController.m; sourceTree = "<group>"; };
		5F5902401D507CF1009F7DFA /* DDLabelCellView.h */ = {isa = PBXFileReference; fileEncoding = 4; lastKnownFileType = sourcecode.c.h; path = DDLabelCellView.h; sourceTree = "<group>"; };
		5F5902411D507CF1009F7DFA /* DDLabelCellView.m */ = {isa = PBXFileReference; fileEncoding = 4; lastKnownFileType = sourcecode.c.objc; path = DDLabelCellView.m; sourceTree = "<group>"; };
		5F5902431D508D4C009F7DFA /* DDImageCellView.h */ = {isa = PBXFileReference; fileEncoding = 4; lastKnownFileType = sourcecode.c.h; path = DDImageCellView.h; sourceTree = "<group>"; };
		5F5902441D508D4C009F7DFA /* DDImageCellView.m */ = {isa = PBXFileReference; fileEncoding = 4; lastKnownFileType = sourcecode.c.objc; path = DDImageCellView.m; sourceTree = "<group>"; };
		5F59024F1D50D6F0009F7DFA /* DDDialCell.h */ = {isa = PBXFileReference; fileEncoding = 4; lastKnownFileType = sourcecode.c.h; path = DDDialCell.h; sourceTree = "<group>"; };
		5F5902501D50D6F0009F7DFA /* DDDialCell.m */ = {isa = PBXFileReference; fileEncoding = 4; lastKnownFileType = sourcecode.c.objc; path = DDDialCell.m; sourceTree = "<group>"; };
		5F5902521D50D9AF009F7DFA /* DDCallRecord.h */ = {isa = PBXFileReference; fileEncoding = 4; lastKnownFileType = sourcecode.c.h; path = DDCallRecord.h; sourceTree = "<group>"; };
		5F5902531D50D9AF009F7DFA /* DDCallRecord.m */ = {isa = PBXFileReference; fileEncoding = 4; lastKnownFileType = sourcecode.c.objc; path = DDCallRecord.m; sourceTree = "<group>"; };
		5F5902551D50DB05009F7DFA /* DDContact.h */ = {isa = PBXFileReference; fileEncoding = 4; lastKnownFileType = sourcecode.c.h; path = DDContact.h; sourceTree = "<group>"; };
		5F5902561D50DB05009F7DFA /* DDContact.m */ = {isa = PBXFileReference; fileEncoding = 4; lastKnownFileType = sourcecode.c.objc; path = DDContact.m; sourceTree = "<group>"; };
		5F5902581D50DEBC009F7DFA /* DDDialViewController.h */ = {isa = PBXFileReference; fileEncoding = 4; lastKnownFileType = sourcecode.c.h; path = DDDialViewController.h; sourceTree = "<group>"; };
		5F5902591D50DEBC009F7DFA /* DDDialViewController.m */ = {isa = PBXFileReference; fileEncoding = 4; lastKnownFileType = sourcecode.c.objc; path = DDDialViewController.m; sourceTree = "<group>"; };
		5F5902611D518E51009F7DFA /* DDCallViewController.h */ = {isa = PBXFileReference; fileEncoding = 4; lastKnownFileType = sourcecode.c.h; path = DDCallViewController.h; sourceTree = "<group>"; };
		5F5902621D518E51009F7DFA /* DDCallViewController.m */ = {isa = PBXFileReference; fileEncoding = 4; lastKnownFileType = sourcecode.c.objc; path = DDCallViewController.m; sourceTree = "<group>"; };
		5F5902641D51A166009F7DFA /* DDDialBoardView.h */ = {isa = PBXFileReference; fileEncoding = 4; lastKnownFileType = sourcecode.c.h; path = DDDialBoardView.h; sourceTree = "<group>"; };
		5F5902651D51A166009F7DFA /* DDDialBoardView.m */ = {isa = PBXFileReference; fileEncoding = 4; lastKnownFileType = sourcecode.c.objc; path = DDDialBoardView.m; sourceTree = "<group>"; };
		5F675BA81D5B019E00C4C9A6 /* DDContactsDataHelper.h */ = {isa = PBXFileReference; fileEncoding = 4; lastKnownFileType = sourcecode.c.h; path = DDContactsDataHelper.h; sourceTree = "<group>"; };
		5F675BA91D5B019E00C4C9A6 /* DDContactsDataHelper.m */ = {isa = PBXFileReference; fileEncoding = 4; lastKnownFileType = sourcecode.c.objc; path = DDContactsDataHelper.m; sourceTree = "<group>"; };
		5F675BAE1D5B02D800C4C9A6 /* NSString+CY.h */ = {isa = PBXFileReference; fileEncoding = 4; lastKnownFileType = sourcecode.c.h; path = "NSString+CY.h"; sourceTree = "<group>"; };
		5F675BAF1D5B02D800C4C9A6 /* NSString+CY.m */ = {isa = PBXFileReference; fileEncoding = 4; lastKnownFileType = sourcecode.c.objc; path = "NSString+CY.m"; sourceTree = "<group>"; };
		5F675BB41D5B0F2000C4C9A6 /* DDBaseDBHandle+CallRecord.h */ = {isa = PBXFileReference; fileEncoding = 4; lastKnownFileType = sourcecode.c.h; path = "DDBaseDBHandle+CallRecord.h"; sourceTree = "<group>"; };
		5F675BB51D5B0F2000C4C9A6 /* DDBaseDBHandle+CallRecord.m */ = {isa = PBXFileReference; fileEncoding = 4; lastKnownFileType = sourcecode.c.objc; path = "DDBaseDBHandle+CallRecord.m"; sourceTree = "<group>"; };
		5F675BB71D5B2B0F00C4C9A6 /* NSDate+CY.h */ = {isa = PBXFileReference; fileEncoding = 4; lastKnownFileType = sourcecode.c.h; path = "NSDate+CY.h"; sourceTree = "<group>"; };
		5F675BB81D5B2B0F00C4C9A6 /* NSDate+CY.m */ = {isa = PBXFileReference; fileEncoding = 4; lastKnownFileType = sourcecode.c.objc; path = "NSDate+CY.m"; sourceTree = "<group>"; };
		5F98D6EA1D51BFEE00AED0ED /* DeleteEmoticonBtn@2x.png */ = {isa = PBXFileReference; lastKnownFileType = image.png; name = "DeleteEmoticonBtn@2x.png"; path = "Resource/DeleteEmoticonBtn@2x.png"; sourceTree = "<group>"; };
		5F98D6FE1D53252F00AED0ED /* DDAccountAPIManager.h */ = {isa = PBXFileReference; fileEncoding = 4; lastKnownFileType = sourcecode.c.h; name = DDAccountAPIManager.h; path = DouDou/Common/APIManager/DDAccountAPIManager.h; sourceTree = SOURCE_ROOT; };
		5F98D6FF1D53252F00AED0ED /* DDAccountAPIManager.m */ = {isa = PBXFileReference; fileEncoding = 4; lastKnownFileType = sourcecode.c.objc; name = DDAccountAPIManager.m; path = DouDou/Common/APIManager/DDAccountAPIManager.m; sourceTree = SOURCE_ROOT; };
		5F98D7011D53264900AED0ED /* DDContactsAPIManager.h */ = {isa = PBXFileReference; fileEncoding = 4; lastKnownFileType = sourcecode.c.h; name = DDContactsAPIManager.h; path = DouDou/Common/APIManager/DDContactsAPIManager.h; sourceTree = SOURCE_ROOT; };
		5F98D7021D53264900AED0ED /* DDContactsAPIManager.m */ = {isa = PBXFileReference; fileEncoding = 4; lastKnownFileType = sourcecode.c.objc; name = DDContactsAPIManager.m; path = DouDou/Common/APIManager/DDContactsAPIManager.m; sourceTree = SOURCE_ROOT; };
		5F98D7041D532A4600AED0ED /* CYHTTPTool.h */ = {isa = PBXFileReference; fileEncoding = 4; lastKnownFileType = sourcecode.c.h; path = CYHTTPTool.h; sourceTree = "<group>"; };
		5F98D7051D532A4600AED0ED /* CYHTTPTool.m */ = {isa = PBXFileReference; fileEncoding = 4; lastKnownFileType = sourcecode.c.objc; path = CYHTTPTool.m; sourceTree = "<group>"; };
		5F98D7071D532B0600AED0ED /* DDBaseAPIManager.h */ = {isa = PBXFileReference; fileEncoding = 4; lastKnownFileType = sourcecode.c.h; name = DDBaseAPIManager.h; path = DouDou/Common/APIManager/DDBaseAPIManager.h; sourceTree = SOURCE_ROOT; };
		5F98D7081D532B0600AED0ED /* DDBaseAPIManager.m */ = {isa = PBXFileReference; fileEncoding = 4; lastKnownFileType = sourcecode.c.objc; name = DDBaseAPIManager.m; path = DouDou/Common/APIManager/DDBaseAPIManager.m; sourceTree = SOURCE_ROOT; };
		5F98D7201D54345200AED0ED /* DDJsonResponse.h */ = {isa = PBXFileReference; fileEncoding = 4; lastKnownFileType = sourcecode.c.h; path = DDJsonResponse.h; sourceTree = "<group>"; };
		5F98D7211D54345200AED0ED /* DDJsonResponse.m */ = {isa = PBXFileReference; fileEncoding = 4; lastKnownFileType = sourcecode.c.objc; path = DDJsonResponse.m; sourceTree = "<group>"; };
		5F98D7231D54349B00AED0ED /* DDCodeResponse.h */ = {isa = PBXFileReference; fileEncoding = 4; lastKnownFileType = sourcecode.c.h; path = DDCodeResponse.h; sourceTree = "<group>"; };
		5F98D7241D54349B00AED0ED /* DDCodeResponse.m */ = {isa = PBXFileReference; fileEncoding = 4; lastKnownFileType = sourcecode.c.objc; path = DDCodeResponse.m; sourceTree = "<group>"; };
		5F98D7261D546D8C00AED0ED /* MBProgressHUD+CY.h */ = {isa = PBXFileReference; fileEncoding = 4; lastKnownFileType = sourcecode.c.h; path = "MBProgressHUD+CY.h"; sourceTree = "<group>"; };
		5F98D7271D546D8C00AED0ED /* MBProgressHUD+CY.m */ = {isa = PBXFileReference; fileEncoding = 4; lastKnownFileType = sourcecode.c.objc; path = "MBProgressHUD+CY.m"; sourceTree = "<group>"; };
		5F98D72F1D5482C000AED0ED /* DDControllerTool.h */ = {isa = PBXFileReference; fileEncoding = 4; lastKnownFileType = sourcecode.c.h; path = DDControllerTool.h; sourceTree = "<group>"; };
		5F98D7301D5482C000AED0ED /* DDControllerTool.m */ = {isa = PBXFileReference; fileEncoding = 4; lastKnownFileType = sourcecode.c.objc; path = DDControllerTool.m; sourceTree = "<group>"; };
		5F98D73E1D5863CA00AED0ED /* DDClientIdResponse.h */ = {isa = PBXFileReference; fileEncoding = 4; lastKnownFileType = sourcecode.c.h; path = DDClientIdResponse.h; sourceTree = "<group>"; };
		5F98D73F1D5863CA00AED0ED /* DDClientIdResponse.m */ = {isa = PBXFileReference; fileEncoding = 4; lastKnownFileType = sourcecode.c.objc; path = DDClientIdResponse.m; sourceTree = "<group>"; };
		5F98D7411D5863E500AED0ED /* DDNumberResponse.h */ = {isa = PBXFileReference; fileEncoding = 4; lastKnownFileType = sourcecode.c.h; path = DDNumberResponse.h; sourceTree = "<group>"; };
		5F98D7421D5863E500AED0ED /* DDNumberResponse.m */ = {isa = PBXFileReference; fileEncoding = 4; lastKnownFileType = sourcecode.c.objc; path = DDNumberResponse.m; sourceTree = "<group>"; };
		5F98D7441D58680100AED0ED /* DDContactsResponse.h */ = {isa = PBXFileReference; fileEncoding = 4; lastKnownFileType = sourcecode.c.h; path = DDContactsResponse.h; sourceTree = "<group>"; };
		5F98D7451D58680100AED0ED /* DDContactsResponse.m */ = {isa = PBXFileReference; fileEncoding = 4; lastKnownFileType = sourcecode.c.objc; path = DDContactsResponse.m; sourceTree = "<group>"; };
		7297474A5DBB664413A96E8B /* Pods_DouDou.framework */ = {isa = PBXFileReference; explicitFileType = wrapper.framework; includeInIndex = 0; path = Pods_DouDou.framework; sourceTree = BUILT_PRODUCTS_DIR; };
		73A1A3DD9F378A722E48F5FA /* Pods_DouDouTests.framework */ = {isa = PBXFileReference; explicitFileType = wrapper.framework; includeInIndex = 0; path = Pods_DouDouTests.framework; sourceTree = BUILT_PRODUCTS_DIR; };
		7531A7B4D137B48EF58A06AE /* Pods-DouDouTests.release.xcconfig */ = {isa = PBXFileReference; includeInIndex = 1; lastKnownFileType = text.xcconfig; name = "Pods-DouDouTests.release.xcconfig"; path = "Pods/Target Support Files/Pods-DouDouTests/Pods-DouDouTests.release.xcconfig"; sourceTree = "<group>"; };
		D71405357221AAAE0B3AE205 /* Pods-DouDouTests.debug.xcconfig */ = {isa = PBXFileReference; includeInIndex = 1; lastKnownFileType = text.xcconfig; name = "Pods-DouDouTests.debug.xcconfig"; path = "Pods/Target Support Files/Pods-DouDouTests/Pods-DouDouTests.debug.xcconfig"; sourceTree = "<group>"; };
/* End PBXFileReference section */

/* Begin PBXFrameworksBuildPhase section */
		5F05AE811D48F70D00FF8495 /* Frameworks */ = {
			isa = PBXFrameworksBuildPhase;
			buildActionMask = 2147483647;
			files = (
				F69A7A736F444C16E65185F4 /* Pods_DouDou.framework in Frameworks */,
			);
			runOnlyForDeploymentPostprocessing = 0;
		};
		5F05AE941D48F70E00FF8495 /* Frameworks */ = {
			isa = PBXFrameworksBuildPhase;
			buildActionMask = 2147483647;
			files = (
				81F9CE1AC37CE99F6A5BBCEC /* Pods_DouDouTests.framework in Frameworks */,
			);
			runOnlyForDeploymentPostprocessing = 0;
		};
/* End PBXFrameworksBuildPhase section */

/* Begin PBXGroup section */
		4D9DC9C31E47CACA76ED5CB8 /* Pods */ = {
			isa = PBXGroup;
			children = (
				4433E338FAAE3AD141C7C0F9 /* Pods-DouDou.debug.xcconfig */,
				128FAD7F90B9F5781C2213A0 /* Pods-DouDou.release.xcconfig */,
				D71405357221AAAE0B3AE205 /* Pods-DouDouTests.debug.xcconfig */,
				7531A7B4D137B48EF58A06AE /* Pods-DouDouTests.release.xcconfig */,
			);
			name = Pods;
			sourceTree = "<group>";
		};
		5F05AE7B1D48F70D00FF8495 = {
			isa = PBXGroup;
			children = (
				5F05AE861D48F70D00FF8495 /* DouDou */,
				5F05AE9A1D48F70E00FF8495 /* DouDouTests */,
				5F05AE851D48F70D00FF8495 /* Products */,
				4D9DC9C31E47CACA76ED5CB8 /* Pods */,
				C0447FF8AD3DFCDFF1DF2FB6 /* Frameworks */,
			);
			sourceTree = "<group>";
		};
		5F05AE851D48F70D00FF8495 /* Products */ = {
			isa = PBXGroup;
			children = (
				5F05AE841D48F70D00FF8495 /* DouDou.app */,
				5F05AE971D48F70E00FF8495 /* DouDouTests.xctest */,
			);
			name = Products;
			sourceTree = "<group>";
		};
		5F05AE861D48F70D00FF8495 /* DouDou */ = {
			isa = PBXGroup;
			children = (
				5F05AEC31D499FD700FF8495 /* Common---------------------- */,
				5F05AEAD1D499FB700FF8495 /* Src---------------------- */,
				5F05AE8D1D48F70E00FF8495 /* Assets.xcassets */,
				5F5901BA1D4B0AF7009F7DFA /* img */,
				5F05AEEF1D49B3DB00FF8495 /* Images.xcassets */,
				5F05AE8A1D48F70E00FF8495 /* AppDelegate.h */,
				5F05AE8B1D48F70E00FF8495 /* AppDelegate.m */,
				5F05AE8F1D48F70E00FF8495 /* LaunchScreen.storyboard */,
				5F05AE921D48F70E00FF8495 /* Info.plist */,
				5F05AEE61D49A95700FF8495 /* Macros.h */,
				5F05AEE51D49A8D200FF8495 /* PrefixHeader.pch */,
				5F05AE871D48F70D00FF8495 /* Supporting Files */,
			);
			path = DouDou;
			sourceTree = "<group>";
		};
		5F05AE871D48F70D00FF8495 /* Supporting Files */ = {
			isa = PBXGroup;
			children = (
				5F05AE881D48F70D00FF8495 /* main.m */,
			);
			name = "Supporting Files";
			sourceTree = "<group>";
		};
		5F05AE9A1D48F70E00FF8495 /* DouDouTests */ = {
			isa = PBXGroup;
			children = (
				5F05AE9B1D48F70E00FF8495 /* DouDouTests.m */,
				5F05AE9D1D48F70E00FF8495 /* Info.plist */,
			);
			path = DouDouTests;
			sourceTree = "<group>";
		};
		5F05AEAD1D499FB700FF8495 /* Src---------------------- */ = {
			isa = PBXGroup;
			children = (
				5F05AECF1D49A5FC00FF8495 /* DDRootViewController.h */,
				5F05AED01D49A5FC00FF8495 /* DDRootViewController.m */,
				5F5901C31D4B0CD1009F7DFA /* DDNavigationViewController.h */,
				5F5901C41D4B0CD1009F7DFA /* DDNavigationViewController.m */,
				5F05AED21D49A61F00FF8495 /* Login---------------------- */,
				5F05AEAE1D499FB700FF8495 /* Contacts---------------------- */,
				5F05AEB71D499FB700FF8495 /* Dial---------------------- */,
				5F05AEBD1D499FB700FF8495 /* More---------------------- */,
				5F5902061D4EDC88009F7DFA /* Lower---------------------- */,
			);
			name = "Src----------------------";
			path = Src;
			sourceTree = "<group>";
		};
		5F05AEAE1D499FB700FF8495 /* Contacts---------------------- */ = {
			isa = PBXGroup;
			children = (
				5F5901CC1D4B0FBC009F7DFA /* DDContactsViewController.h */,
				5F5901CD1D4B0FBC009F7DFA /* DDContactsViewController.m */,
				5F59022D1D503A01009F7DFA /* DDContactsSearchViewController.h */,
				5F59022E1D503A01009F7DFA /* DDContactsSearchViewController.m */,
				5F675BA71D5B018F00C4C9A6 /* Tool */,
				5F05AEB51D499FB700FF8495 /* Model */,
				5F05AEB61D499FB700FF8495 /* View */,
			);
			name = "Contacts----------------------";
			path = Contacts;
			sourceTree = "<group>";
		};
		5F05AEB51D499FB700FF8495 /* Model */ = {
			isa = PBXGroup;
			children = (
			);
			path = Model;
			sourceTree = "<group>";
		};
		5F05AEB61D499FB700FF8495 /* View */ = {
			isa = PBXGroup;
			children = (
				5F59022A1D4EEFA4009F7DFA /* DDContactsCell.h */,
				5F59022B1D4EEFA4009F7DFA /* DDContactsCell.m */,
				5F5902371D504DE8009F7DFA /* DDContactsHeadView.h */,
				5F5902381D504DE8009F7DFA /* DDContactsHeadView.m */,
			);
			path = View;
			sourceTree = "<group>";
		};
		5F05AEB71D499FB700FF8495 /* Dial---------------------- */ = {
			isa = PBXGroup;
			children = (
				5F5902581D50DEBC009F7DFA /* DDDialViewController.h */,
				5F5902591D50DEBC009F7DFA /* DDDialViewController.m */,
				5F05AEBB1D499FB700FF8495 /* Model */,
				5F05AEBC1D499FB700FF8495 /* View */,
			);
			name = "Dial----------------------";
			path = Dial;
			sourceTree = "<group>";
		};
		5F05AEBB1D499FB700FF8495 /* Model */ = {
			isa = PBXGroup;
			children = (
				5F5902521D50D9AF009F7DFA /* DDCallRecord.h */,
				5F5902531D50D9AF009F7DFA /* DDCallRecord.m */,
			);
			path = Model;
			sourceTree = "<group>";
		};
		5F05AEBC1D499FB700FF8495 /* View */ = {
			isa = PBXGroup;
			children = (
				5F59024F1D50D6F0009F7DFA /* DDDialCell.h */,
				5F5902501D50D6F0009F7DFA /* DDDialCell.m */,
				5F5902641D51A166009F7DFA /* DDDialBoardView.h */,
				5F5902651D51A166009F7DFA /* DDDialBoardView.m */,
			);
			path = View;
			sourceTree = "<group>";
		};
		5F05AEBD1D499FB700FF8495 /* More---------------------- */ = {
			isa = PBXGroup;
			children = (
				5F5901CF1D4B0FDD009F7DFA /* DDMoreViewController.h */,
				5F5901D01D4B0FDD009F7DFA /* DDMoreViewController.m */,
				5F05AEBE1D499FB700FF8495 /* Model */,
				5F05AEC21D499FB700FF8495 /* View */,
			);
			name = "More----------------------";
			path = More;
			sourceTree = "<group>";
		};
		5F05AEBE1D499FB700FF8495 /* Model */ = {
			isa = PBXGroup;
			children = (
			);
			path = Model;
			sourceTree = "<group>";
		};
		5F05AEC21D499FB700FF8495 /* View */ = {
			isa = PBXGroup;
			children = (
				5F5901E01D4B45DB009F7DFA /* DDMoreDefaultCell.h */,
				5F5901E11D4B45DB009F7DFA /* DDMoreDefaultCell.m */,
				5F5901FA1D4B543F009F7DFA /* DDMoreImageCell.h */,
				5F5901FB1D4B543F009F7DFA /* DDMoreImageCell.m */,
			);
			path = View;
			sourceTree = "<group>";
		};
		5F05AEC31D499FD700FF8495 /* Common---------------------- */ = {
			isa = PBXGroup;
			children = (
				5F5901D91D4B2DDC009F7DFA /* Model */,
				5F5901D51D4B2D1C009F7DFA /* Tool */,
				5F05AEC51D499FD700FF8495 /* Category */,
				5F05AEC41D499FD700FF8495 /* APIManager */,
				5F05AEC61D499FD700FF8495 /* DBHelper */,
				5F05AEC81D499FD700FF8495 /* View */,
				5F05AEC71D499FD700FF8495 /* Lib */,
			);
			name = "Common----------------------";
			path = Common;
			sourceTree = "<group>";
		};
		5F05AEC41D499FD700FF8495 /* APIManager */ = {
			isa = PBXGroup;
			children = (
				5F98D7101D542F2000AED0ED /* Model */,
				5F98D7071D532B0600AED0ED /* DDBaseAPIManager.h */,
				5F98D7081D532B0600AED0ED /* DDBaseAPIManager.m */,
				5F98D6FE1D53252F00AED0ED /* DDAccountAPIManager.h */,
				5F98D6FF1D53252F00AED0ED /* DDAccountAPIManager.m */,
				5F98D7011D53264900AED0ED /* DDContactsAPIManager.h */,
				5F98D7021D53264900AED0ED /* DDContactsAPIManager.m */,
			);
			name = APIManager;
			path = ApiManager;
			sourceTree = "<group>";
		};
		5F05AEC51D499FD700FF8495 /* Category */ = {
			isa = PBXGroup;
			children = (
				5F675BAE1D5B02D800C4C9A6 /* NSString+CY.h */,
				5F675BAF1D5B02D800C4C9A6 /* NSString+CY.m */,
				5F675BB71D5B2B0F00C4C9A6 /* NSDate+CY.h */,
				5F675BB81D5B2B0F00C4C9A6 /* NSDate+CY.m */,
				5F05AECC1D49A30200FF8495 /* UIView+CY.h */,
				5F05AECD1D49A30200FF8495 /* UIView+CY.m */,
				5F05AEC91D49A04B00FF8495 /* UIImage+CY.h */,
				5F05AECA1D49A04B00FF8495 /* UIImage+CY.m */,
				5F98D7261D546D8C00AED0ED /* MBProgressHUD+CY.h */,
				5F98D7271D546D8C00AED0ED /* MBProgressHUD+CY.m */,
			);
			path = Category;
			sourceTree = "<group>";
		};
		5F05AEC61D499FD700FF8495 /* DBHelper */ = {
			isa = PBXGroup;
			children = (
				5F1708401D59B7CB00FC5250 /* DDBaseDBHandle.h */,
				5F1708411D59B7CB00FC5250 /* DDBaseDBHandle.m */,
				5F1708431D59B8F500FC5250 /* DDBaseDBHandle+Contact.h */,
				5F1708441D59B8F500FC5250 /* DDBaseDBHandle+Contact.m */,
				5F675BB41D5B0F2000C4C9A6 /* DDBaseDBHandle+CallRecord.h */,
				5F675BB51D5B0F2000C4C9A6 /* DDBaseDBHandle+CallRecord.m */,
			);
			path = DBHelper;
			sourceTree = "<group>";
		};
		5F05AEC71D499FD700FF8495 /* Lib */ = {
			isa = PBXGroup;
			children = (
			);
			path = Lib;
			sourceTree = "<group>";
		};
		5F05AEC81D499FD700FF8495 /* View */ = {
			isa = PBXGroup;
			children = (
				5F5901E31D4B4BBE009F7DFA /* DDCommonTableViewCell.h */,
				5F5901E41D4B4BBE009F7DFA /* DDCommonTableViewCell.m */,
			);
			path = View;
			sourceTree = "<group>";
		};
		5F05AED21D49A61F00FF8495 /* Login---------------------- */ = {
			isa = PBXGroup;
			children = (
				5F5901AB1D4AFF47009F7DFA /* Controller */,
				5F5901A61D4AFEEB009F7DFA /* View */,
				5F5901AA1D4AFEF9009F7DFA /* Model */,
			);
			name = "Login----------------------";
			path = Login;
			sourceTree = "<group>";
		};
		5F17084C1D59D87F00FC5250 /* Edit */ = {
			isa = PBXGroup;
			children = (
				5F17084F1D59D8CA00FC5250 /* DDEditViewController.h */,
				5F1708501D59D8CA00FC5250 /* DDEditViewController.m */,
				5F17084D1D59D87F00FC5250 /* Model */,
				5F17084E1D59D87F00FC5250 /* View */,
			);
			path = Edit;
			sourceTree = "<group>";
		};
		5F17084D1D59D87F00FC5250 /* Model */ = {
			isa = PBXGroup;
			children = (
			);
			path = Model;
			sourceTree = "<group>";
		};
		5F17084E1D59D87F00FC5250 /* View */ = {
			isa = PBXGroup;
			children = (
			);
			path = View;
			sourceTree = "<group>";
		};
		5F5901A61D4AFEEB009F7DFA /* View */ = {
			isa = PBXGroup;
			children = (
				5F5901A71D4AFEEB009F7DFA /* DDLoginCellView.h */,
				5F5901A81D4AFEEB009F7DFA /* DDLoginCellView.m */,
			);
			path = View;
			sourceTree = "<group>";
		};
		5F5901AA1D4AFEF9009F7DFA /* Model */ = {
			isa = PBXGroup;
			children = (
			);
			path = Model;
			sourceTree = "<group>";
		};
		5F5901AB1D4AFF47009F7DFA /* Controller */ = {
			isa = PBXGroup;
			children = (
				5F5901D21D4B137A009F7DFA /* DDLoginViewController.h */,
				5F5901D31D4B137A009F7DFA /* DDLoginViewController.m */,
				5F5901B71D4B06DE009F7DFA /* DDRegisterViewController.h */,
				5F5901B81D4B06DE009F7DFA /* DDRegisterViewController.m */,
				5F5901AC1D4AFF47009F7DFA /* DDForgetPwdViewController.h */,
				5F5901AD1D4AFF47009F7DFA /* DDForgetPwdViewController.m */,
			);
			path = Controller;
			sourceTree = "<group>";
		};
		5F5901BA1D4B0AF7009F7DFA /* img */ = {
			isa = PBXGroup;
			children = (
				5F98D6EA1D51BFEE00AED0ED /* DeleteEmoticonBtn@2x.png */,
				5F5901FD1D4B5D3D009F7DFA /* tx01.png */,
				5F5901FE1D4B5D3D009F7DFA /* tx01@2x.png */,
				5F5901FF1D4B5D3D009F7DFA /* tx01@3x.png */,
				5F5901EC1D4B510F009F7DFA /* right_icon.png */,
				5F5901ED1D4B510F009F7DFA /* right_icon@2x.png */,
				5F5901EE1D4B510F009F7DFA /* right_icon@3x.png */,
				5F5901BB1D4B0B00009F7DFA /* return_button.png */,
				5F5901BC1D4B0B00009F7DFA /* return_button@2x.png */,
				5F5901BD1D4B0B00009F7DFA /* return_button@3x.png */,
			);
			name = img;
			sourceTree = "<group>";
		};
		5F5901D51D4B2D1C009F7DFA /* Tool */ = {
			isa = PBXGroup;
			children = (
				5F5901D61D4B2D6D009F7DFA /* DDAccountTool.h */,
				5F5901D71D4B2D6D009F7DFA /* DDAccountTool.m */,
				5F98D7041D532A4600AED0ED /* CYHTTPTool.h */,
				5F98D7051D532A4600AED0ED /* CYHTTPTool.m */,
				5F98D72F1D5482C000AED0ED /* DDControllerTool.h */,
				5F98D7301D5482C000AED0ED /* DDControllerTool.m */,
			);
			path = Tool;
			sourceTree = "<group>";
		};
		5F5901D91D4B2DDC009F7DFA /* Model */ = {
			isa = PBXGroup;
			children = (
				5F5901DA1D4B2DED009F7DFA /* DDAccount.h */,
				5F5901DB1D4B2DED009F7DFA /* DDAccount.m */,
				5F5902551D50DB05009F7DFA /* DDContact.h */,
				5F5902561D50DB05009F7DFA /* DDContact.m */,
			);
			path = Model;
			sourceTree = "<group>";
		};
		5F5902061D4EDC88009F7DFA /* Lower---------------------- */ = {
			isa = PBXGroup;
			children = (
				5F5902071D4EDC88009F7DFA /* AddContact */,
				5F59020A1D4EDC88009F7DFA /* ContactBook */,
				5F59025E1D518E1F009F7DFA /* Call */,
				5F59020D1D4EDC88009F7DFA /* Detail */,
				5F17084C1D59D87F00FC5250 /* Edit */,
			);
			name = "Lower----------------------";
			path = Lower;
			sourceTree = "<group>";
		};
		5F5902071D4EDC88009F7DFA /* AddContact */ = {
			isa = PBXGroup;
			children = (
				5F59023D1D506193009F7DFA /* DDAddContactViewController.h */,
				5F59023E1D506193009F7DFA /* DDAddContactViewController.m */,
				5F5902081D4EDC88009F7DFA /* Model */,
				5F5902091D4EDC88009F7DFA /* View */,
			);
			path = AddContact;
			sourceTree = "<group>";
		};
		5F5902081D4EDC88009F7DFA /* Model */ = {
			isa = PBXGroup;
			children = (
			);
			path = Model;
			sourceTree = "<group>";
		};
		5F5902091D4EDC88009F7DFA /* View */ = {
			isa = PBXGroup;
			children = (
				5F5902401D507CF1009F7DFA /* DDLabelCellView.h */,
				5F5902411D507CF1009F7DFA /* DDLabelCellView.m */,
				5F5902431D508D4C009F7DFA /* DDImageCellView.h */,
				5F5902441D508D4C009F7DFA /* DDImageCellView.m */,
			);
			path = View;
			sourceTree = "<group>";
		};
		5F59020A1D4EDC88009F7DFA /* ContactBook */ = {
			isa = PBXGroup;
			children = (
				5F59020B1D4EDC88009F7DFA /* Model */,
				5F59020C1D4EDC88009F7DFA /* View */,
			);
			path = ContactBook;
			sourceTree = "<group>";
		};
		5F59020B1D4EDC88009F7DFA /* Model */ = {
			isa = PBXGroup;
			children = (
			);
			path = Model;
			sourceTree = "<group>";
		};
		5F59020C1D4EDC88009F7DFA /* View */ = {
			isa = PBXGroup;
			children = (
			);
			path = View;
			sourceTree = "<group>";
		};
		5F59020D1D4EDC88009F7DFA /* Detail */ = {
			isa = PBXGroup;
			children = (
				5F1708491D59CE0D00FC5250 /* DDDetailViewController.h */,
				5F17084A1D59CE0D00FC5250 /* DDDetailViewController.m */,
				5F59020E1D4EDC88009F7DFA /* Model */,
				5F59020F1D4EDC88009F7DFA /* View */,
			);
			path = Detail;
			sourceTree = "<group>";
		};
		5F59020E1D4EDC88009F7DFA /* Model */ = {
			isa = PBXGroup;
			children = (
			);
			path = Model;
			sourceTree = "<group>";
		};
		5F59020F1D4EDC88009F7DFA /* View */ = {
			isa = PBXGroup;
			children = (
				5F1708461D59C42B00FC5250 /* DDDetailCell.h */,
				5F1708471D59C42B00FC5250 /* DDDetailCell.m */,
			);
			path = View;
			sourceTree = "<group>";
		};
		5F59025E1D518E1F009F7DFA /* Call */ = {
			isa = PBXGroup;
			children = (
				5F5902611D518E51009F7DFA /* DDCallViewController.h */,
				5F5902621D518E51009F7DFA /* DDCallViewController.m */,
				5F59025F1D518E1F009F7DFA /* Model */,
				5F5902601D518E1F009F7DFA /* View */,
			);
			path = Call;
			sourceTree = "<group>";
		};
		5F59025F1D518E1F009F7DFA /* Model */ = {
			isa = PBXGroup;
			children = (
			);
			path = Model;
			sourceTree = "<group>";
		};
		5F5902601D518E1F009F7DFA /* View */ = {
			isa = PBXGroup;
			children = (
			);
			path = View;
			sourceTree = "<group>";
		};
		5F675BA71D5B018F00C4C9A6 /* Tool */ = {
			isa = PBXGroup;
			children = (
				5F675BA81D5B019E00C4C9A6 /* DDContactsDataHelper.h */,
				5F675BA91D5B019E00C4C9A6 /* DDContactsDataHelper.m */,
			);
			name = Tool;
			path = DouDou/Src/Dial/Tool;
			sourceTree = SOURCE_ROOT;
		};
		5F98D7101D542F2000AED0ED /* Model */ = {
			isa = PBXGroup;
			children = (
				5F98D7201D54345200AED0ED /* DDJsonResponse.h */,
				5F98D7211D54345200AED0ED /* DDJsonResponse.m */,
				5F98D7231D54349B00AED0ED /* DDCodeResponse.h */,
				5F98D7241D54349B00AED0ED /* DDCodeResponse.m */,
				5F98D73E1D5863CA00AED0ED /* DDClientIdResponse.h */,
				5F98D73F1D5863CA00AED0ED /* DDClientIdResponse.m */,
				5F98D7411D5863E500AED0ED /* DDNumberResponse.h */,
				5F98D7421D5863E500AED0ED /* DDNumberResponse.m */,
				5F98D7441D58680100AED0ED /* DDContactsResponse.h */,
				5F98D7451D58680100AED0ED /* DDContactsResponse.m */,
			);
			name = Model;
			path = DouDou/Common/APIManager/Model;
			sourceTree = SOURCE_ROOT;
		};
		C0447FF8AD3DFCDFF1DF2FB6 /* Frameworks */ = {
			isa = PBXGroup;
			children = (
				7297474A5DBB664413A96E8B /* Pods_DouDou.framework */,
				73A1A3DD9F378A722E48F5FA /* Pods_DouDouTests.framework */,
			);
			name = Frameworks;
			sourceTree = "<group>";
		};
/* End PBXGroup section */

/* Begin PBXNativeTarget section */
		5F05AE831D48F70D00FF8495 /* DouDou */ = {
			isa = PBXNativeTarget;
			buildConfigurationList = 5F05AEA01D48F70E00FF8495 /* Build configuration list for PBXNativeTarget "DouDou" */;
			buildPhases = (
				BFBC6D18EB841427EE6F9C33 /* [CP] Check Pods Manifest.lock */,
				5F05AE801D48F70D00FF8495 /* Sources */,
				5F05AE811D48F70D00FF8495 /* Frameworks */,
				5F05AE821D48F70D00FF8495 /* Resources */,
				02C165C106A152ABFE9B095B /* [CP] Embed Pods Frameworks */,
				2BB2CDF75E6011EDA34A3A6A /* [CP] Copy Pods Resources */,
			);
			buildRules = (
			);
			dependencies = (
			);
			name = DouDou;
			productName = DouDou;
			productReference = 5F05AE841D48F70D00FF8495 /* DouDou.app */;
			productType = "com.apple.product-type.application";
		};
		5F05AE961D48F70E00FF8495 /* DouDouTests */ = {
			isa = PBXNativeTarget;
			buildConfigurationList = 5F05AEA31D48F70E00FF8495 /* Build configuration list for PBXNativeTarget "DouDouTests" */;
			buildPhases = (
				36680E02B414DE2381022E69 /* [CP] Check Pods Manifest.lock */,
				5F05AE931D48F70E00FF8495 /* Sources */,
				5F05AE941D48F70E00FF8495 /* Frameworks */,
				5F05AE951D48F70E00FF8495 /* Resources */,
				93BB90989F9A1DB557947660 /* [CP] Embed Pods Frameworks */,
				94E285162A90DEDED868A7D3 /* [CP] Copy Pods Resources */,
			);
			buildRules = (
			);
			dependencies = (
				5F05AE991D48F70E00FF8495 /* PBXTargetDependency */,
			);
			name = DouDouTests;
			productName = DouDouTests;
			productReference = 5F05AE971D48F70E00FF8495 /* DouDouTests.xctest */;
			productType = "com.apple.product-type.bundle.unit-test";
		};
/* End PBXNativeTarget section */

/* Begin PBXProject section */
		5F05AE7C1D48F70D00FF8495 /* Project object */ = {
			isa = PBXProject;
			attributes = {
				LastUpgradeCheck = 0730;
				ORGANIZATIONNAME = caratel;
				TargetAttributes = {
					5F05AE831D48F70D00FF8495 = {
						CreatedOnToolsVersion = 7.3;
						DevelopmentTeam = PCEDE267QH;
					};
					5F05AE961D48F70E00FF8495 = {
						CreatedOnToolsVersion = 7.3;
						TestTargetID = 5F05AE831D48F70D00FF8495;
					};
				};
			};
			buildConfigurationList = 5F05AE7F1D48F70D00FF8495 /* Build configuration list for PBXProject "DouDou" */;
			compatibilityVersion = "Xcode 3.2";
			developmentRegion = English;
			hasScannedForEncodings = 0;
			knownRegions = (
				en,
				Base,
			);
			mainGroup = 5F05AE7B1D48F70D00FF8495;
			productRefGroup = 5F05AE851D48F70D00FF8495 /* Products */;
			projectDirPath = "";
			projectRoot = "";
			targets = (
				5F05AE831D48F70D00FF8495 /* DouDou */,
				5F05AE961D48F70E00FF8495 /* DouDouTests */,
			);
		};
/* End PBXProject section */

/* Begin PBXResourcesBuildPhase section */
		5F05AE821D48F70D00FF8495 /* Resources */ = {
			isa = PBXResourcesBuildPhase;
			buildActionMask = 2147483647;
			files = (
				5F5901F11D4B510F009F7DFA /* right_icon@3x.png in Resources */,
				5F5901F01D4B510F009F7DFA /* right_icon@2x.png in Resources */,
				5F98D6EB1D51BFEE00AED0ED /* DeleteEmoticonBtn@2x.png in Resources */,
				5F5902021D4B5D3D009F7DFA /* tx01@3x.png in Resources */,
				5F5902001D4B5D3D009F7DFA /* tx01.png in Resources */,
				5F5901BF1D4B0B00009F7DFA /* return_button@2x.png in Resources */,
				5F05AEF01D49B3DB00FF8495 /* Images.xcassets in Resources */,
				5F5902011D4B5D3D009F7DFA /* tx01@2x.png in Resources */,
				5F5901EF1D4B510F009F7DFA /* right_icon.png in Resources */,
				5F5901BE1D4B0B00009F7DFA /* return_button.png in Resources */,
				5F5901C01D4B0B00009F7DFA /* return_button@3x.png in Resources */,
				5F05AE8E1D48F70E00FF8495 /* Assets.xcassets in Resources */,
				5F05AE911D48F70E00FF8495 /* LaunchScreen.storyboard in Resources */,
			);
			runOnlyForDeploymentPostprocessing = 0;
		};
		5F05AE951D48F70E00FF8495 /* Resources */ = {
			isa = PBXResourcesBuildPhase;
			buildActionMask = 2147483647;
			files = (
			);
			runOnlyForDeploymentPostprocessing = 0;
		};
/* End PBXResourcesBuildPhase section */

/* Begin PBXShellScriptBuildPhase section */
		02C165C106A152ABFE9B095B /* [CP] Embed Pods Frameworks */ = {
			isa = PBXShellScriptBuildPhase;
			buildActionMask = 2147483647;
			files = (
			);
			inputPaths = (
			);
			name = "[CP] Embed Pods Frameworks";
			outputPaths = (
			);
			runOnlyForDeploymentPostprocessing = 0;
			shellPath = /bin/sh;
			shellScript = "\"${SRCROOT}/Pods/Target Support Files/Pods-DouDou/Pods-DouDou-frameworks.sh\"\n";
			showEnvVarsInLog = 0;
		};
		2BB2CDF75E6011EDA34A3A6A /* [CP] Copy Pods Resources */ = {
			isa = PBXShellScriptBuildPhase;
			buildActionMask = 2147483647;
			files = (
			);
			inputPaths = (
			);
			name = "[CP] Copy Pods Resources";
			outputPaths = (
			);
			runOnlyForDeploymentPostprocessing = 0;
			shellPath = /bin/sh;
			shellScript = "\"${SRCROOT}/Pods/Target Support Files/Pods-DouDou/Pods-DouDou-resources.sh\"\n";
			showEnvVarsInLog = 0;
		};
		36680E02B414DE2381022E69 /* [CP] Check Pods Manifest.lock */ = {
			isa = PBXShellScriptBuildPhase;
			buildActionMask = 2147483647;
			files = (
			);
			inputPaths = (
			);
			name = "[CP] Check Pods Manifest.lock";
			outputPaths = (
			);
			runOnlyForDeploymentPostprocessing = 0;
			shellPath = /bin/sh;
			shellScript = "diff \"${PODS_ROOT}/../Podfile.lock\" \"${PODS_ROOT}/Manifest.lock\" > /dev/null\nif [[ $? != 0 ]] ; then\n    cat << EOM\nerror: The sandbox is not in sync with the Podfile.lock. Run 'pod install' or update your CocoaPods installation.\nEOM\n    exit 1\nfi\n";
			showEnvVarsInLog = 0;
		};
		93BB90989F9A1DB557947660 /* [CP] Embed Pods Frameworks */ = {
			isa = PBXShellScriptBuildPhase;
			buildActionMask = 2147483647;
			files = (
			);
			inputPaths = (
			);
			name = "[CP] Embed Pods Frameworks";
			outputPaths = (
			);
			runOnlyForDeploymentPostprocessing = 0;
			shellPath = /bin/sh;
			shellScript = "\"${SRCROOT}/Pods/Target Support Files/Pods-DouDouTests/Pods-DouDouTests-frameworks.sh\"\n";
			showEnvVarsInLog = 0;
		};
		94E285162A90DEDED868A7D3 /* [CP] Copy Pods Resources */ = {
			isa = PBXShellScriptBuildPhase;
			buildActionMask = 2147483647;
			files = (
			);
			inputPaths = (
			);
			name = "[CP] Copy Pods Resources";
			outputPaths = (
			);
			runOnlyForDeploymentPostprocessing = 0;
			shellPath = /bin/sh;
			shellScript = "\"${SRCROOT}/Pods/Target Support Files/Pods-DouDouTests/Pods-DouDouTests-resources.sh\"\n";
			showEnvVarsInLog = 0;
		};
		BFBC6D18EB841427EE6F9C33 /* [CP] Check Pods Manifest.lock */ = {
			isa = PBXShellScriptBuildPhase;
			buildActionMask = 2147483647;
			files = (
			);
			inputPaths = (
			);
			name = "[CP] Check Pods Manifest.lock";
			outputPaths = (
			);
			runOnlyForDeploymentPostprocessing = 0;
			shellPath = /bin/sh;
			shellScript = "diff \"${PODS_ROOT}/../Podfile.lock\" \"${PODS_ROOT}/Manifest.lock\" > /dev/null\nif [[ $? != 0 ]] ; then\n    cat << EOM\nerror: The sandbox is not in sync with the Podfile.lock. Run 'pod install' or update your CocoaPods installation.\nEOM\n    exit 1\nfi\n";
			showEnvVarsInLog = 0;
		};
/* End PBXShellScriptBuildPhase section */

/* Begin PBXSourcesBuildPhase section */
		5F05AE801D48F70D00FF8495 /* Sources */ = {
			isa = PBXSourcesBuildPhase;
			buildActionMask = 2147483647;
			files = (
				5F675BB61D5B0F2000C4C9A6 /* DDBaseDBHandle+CallRecord.m in Sources */,
				5F98D7401D5863CA00AED0ED /* DDClientIdResponse.m in Sources */,
				5F5902541D50D9AF009F7DFA /* DDCallRecord.m in Sources */,
				5F1708511D59D8CA00FC5250 /* DDEditViewController.m in Sources */,
				5F675BB91D5B2B0F00C4C9A6 /* NSDate+CY.m in Sources */,
				5F98D7091D532B0600AED0ED /* DDBaseAPIManager.m in Sources */,
				5F98D7251D54349B00AED0ED /* DDCodeResponse.m in Sources */,
				5F59023F1D506193009F7DFA /* DDAddContactViewController.m in Sources */,
				5F675BB01D5B02D800C4C9A6 /* NSString+CY.m in Sources */,
				5F5901E21D4B45DB009F7DFA /* DDMoreDefaultCell.m in Sources */,
				5F5901CE1D4B0FBC009F7DFA /* DDContactsViewController.m in Sources */,
				5F5902391D504DE8009F7DFA /* DDContactsHeadView.m in Sources */,
				5F05AED11D49A5FC00FF8495 /* DDRootViewController.m in Sources */,
				5F5902511D50D6F0009F7DFA /* DDDialCell.m in Sources */,
				5F98D7221D54345200AED0ED /* DDJsonResponse.m in Sources */,
				5F1708451D59B8F500FC5250 /* DDBaseDBHandle+Contact.m in Sources */,
				5F98D7031D53264900AED0ED /* DDContactsAPIManager.m in Sources */,
				5F98D7431D5863E500AED0ED /* DDNumberResponse.m in Sources */,
				5F5901D41D4B137A009F7DFA /* DDLoginViewController.m in Sources */,
				5F5902421D507CF1009F7DFA /* DDLabelCellView.m in Sources */,
				5F5901B91D4B06DE009F7DFA /* DDRegisterViewController.m in Sources */,
				5F5902661D51A166009F7DFA /* DDDialBoardView.m in Sources */,
				5F98D7001D53252F00AED0ED /* DDAccountAPIManager.m in Sources */,
				5F05AECB1D49A04B00FF8495 /* UIImage+CY.m in Sources */,
				5F98D7281D546D8C00AED0ED /* MBProgressHUD+CY.m in Sources */,
				5F5901FC1D4B543F009F7DFA /* DDMoreImageCell.m in Sources */,
				5F98D7061D532A4600AED0ED /* CYHTTPTool.m in Sources */,
				5F05AE8C1D48F70E00FF8495 /* AppDelegate.m in Sources */,
				5F98D7311D5482C000AED0ED /* DDControllerTool.m in Sources */,
				5F17084B1D59CE0D00FC5250 /* DDDetailViewController.m in Sources */,
				5F05AECE1D49A30300FF8495 /* UIView+CY.m in Sources */,
				5F59025A1D50DEBC009F7DFA /* DDDialViewController.m in Sources */,
				5F675BAA1D5B019E00C4C9A6 /* DDContactsDataHelper.m in Sources */,
				5F1708421D59B7CB00FC5250 /* DDBaseDBHandle.m in Sources */,
				5F59022F1D503A01009F7DFA /* DDContactsSearchViewController.m in Sources */,
				5F5901D11D4B0FDD009F7DFA /* DDMoreViewController.m in Sources */,
				5F05AE891D48F70D00FF8495 /* main.m in Sources */,
				5F98D7461D58680100AED0ED /* DDContactsResponse.m in Sources */,
				5F5901DC1D4B2DED009F7DFA /* DDAccount.m in Sources */,
				5F5901A91D4AFEEB009F7DFA /* DDLoginCellView.m in Sources */,
				5F5901E51D4B4BBE009F7DFA /* DDCommonTableViewCell.m in Sources */,
				5F59022C1D4EEFA4009F7DFA /* DDContactsCell.m in Sources */,
				5F5902571D50DB05009F7DFA /* DDContact.m in Sources */,
				5F5902451D508D4C009F7DFA /* DDImageCellView.m in Sources */,
				5F5901C51D4B0CD1009F7DFA /* DDNavigationViewController.m in Sources */,
				5F5901B11D4AFF47009F7DFA /* DDForgetPwdViewController.m in Sources */,
				5F5901D81D4B2D6D009F7DFA /* DDAccountTool.m in Sources */,
				5F1708481D59C42B00FC5250 /* DDDetailCell.m in Sources */,
				5F5902631D518E51009F7DFA /* DDCallViewController.m in Sources */,
			);
			runOnlyForDeploymentPostprocessing = 0;
		};
		5F05AE931D48F70E00FF8495 /* Sources */ = {
			isa = PBXSourcesBuildPhase;
			buildActionMask = 2147483647;
			files = (
				5F05AE9C1D48F70E00FF8495 /* DouDouTests.m in Sources */,
			);
			runOnlyForDeploymentPostprocessing = 0;
		};
/* End PBXSourcesBuildPhase section */

/* Begin PBXTargetDependency section */
		5F05AE991D48F70E00FF8495 /* PBXTargetDependency */ = {
			isa = PBXTargetDependency;
			target = 5F05AE831D48F70D00FF8495 /* DouDou */;
			targetProxy = 5F05AE981D48F70E00FF8495 /* PBXContainerItemProxy */;
		};
/* End PBXTargetDependency section */

/* Begin PBXVariantGroup section */
		5F05AE8F1D48F70E00FF8495 /* LaunchScreen.storyboard */ = {
			isa = PBXVariantGroup;
			children = (
				5F05AE901D48F70E00FF8495 /* Base */,
			);
			name = LaunchScreen.storyboard;
			sourceTree = "<group>";
		};
/* End PBXVariantGroup section */

/* Begin XCBuildConfiguration section */
		5F05AE9E1D48F70E00FF8495 /* Debug */ = {
			isa = XCBuildConfiguration;
			buildSettings = {
				ALWAYS_SEARCH_USER_PATHS = NO;
				CLANG_ANALYZER_NONNULL = YES;
				CLANG_CXX_LANGUAGE_STANDARD = "gnu++0x";
				CLANG_CXX_LIBRARY = "libc++";
				CLANG_ENABLE_MODULES = YES;
				CLANG_ENABLE_OBJC_ARC = YES;
				CLANG_WARN_BOOL_CONVERSION = YES;
				CLANG_WARN_CONSTANT_CONVERSION = YES;
				CLANG_WARN_DIRECT_OBJC_ISA_USAGE = YES_ERROR;
				CLANG_WARN_EMPTY_BODY = YES;
				CLANG_WARN_ENUM_CONVERSION = YES;
				CLANG_WARN_INT_CONVERSION = YES;
				CLANG_WARN_OBJC_ROOT_CLASS = YES_ERROR;
				CLANG_WARN_UNREACHABLE_CODE = YES;
				CLANG_WARN__DUPLICATE_METHOD_MATCH = YES;
				"CODE_SIGN_IDENTITY[sdk=iphoneos*]" = "iPhone Developer";
				COPY_PHASE_STRIP = NO;
				DEBUG_INFORMATION_FORMAT = dwarf;
				ENABLE_STRICT_OBJC_MSGSEND = YES;
				ENABLE_TESTABILITY = YES;
				GCC_C_LANGUAGE_STANDARD = gnu99;
				GCC_DYNAMIC_NO_PIC = NO;
				GCC_NO_COMMON_BLOCKS = YES;
				GCC_OPTIMIZATION_LEVEL = 0;
				GCC_PREPROCESSOR_DEFINITIONS = (
					"DEBUG=1",
					"$(inherited)",
				);
				GCC_WARN_64_TO_32_BIT_CONVERSION = YES;
				GCC_WARN_ABOUT_RETURN_TYPE = YES_ERROR;
				GCC_WARN_UNDECLARED_SELECTOR = YES;
				GCC_WARN_UNINITIALIZED_AUTOS = YES_AGGRESSIVE;
				GCC_WARN_UNUSED_FUNCTION = YES;
				GCC_WARN_UNUSED_VARIABLE = YES;
				IPHONEOS_DEPLOYMENT_TARGET = 9.3;
				MTL_ENABLE_DEBUG_INFO = YES;
				ONLY_ACTIVE_ARCH = YES;
				SDKROOT = iphoneos;
			};
			name = Debug;
		};
		5F05AE9F1D48F70E00FF8495 /* Release */ = {
			isa = XCBuildConfiguration;
			buildSettings = {
				ALWAYS_SEARCH_USER_PATHS = NO;
				CLANG_ANALYZER_NONNULL = YES;
				CLANG_CXX_LANGUAGE_STANDARD = "gnu++0x";
				CLANG_CXX_LIBRARY = "libc++";
				CLANG_ENABLE_MODULES = YES;
				CLANG_ENABLE_OBJC_ARC = YES;
				CLANG_WARN_BOOL_CONVERSION = YES;
				CLANG_WARN_CONSTANT_CONVERSION = YES;
				CLANG_WARN_DIRECT_OBJC_ISA_USAGE = YES_ERROR;
				CLANG_WARN_EMPTY_BODY = YES;
				CLANG_WARN_ENUM_CONVERSION = YES;
				CLANG_WARN_INT_CONVERSION = YES;
				CLANG_WARN_OBJC_ROOT_CLASS = YES_ERROR;
				CLANG_WARN_UNREACHABLE_CODE = YES;
				CLANG_WARN__DUPLICATE_METHOD_MATCH = YES;
				"CODE_SIGN_IDENTITY[sdk=iphoneos*]" = "iPhone Developer";
				COPY_PHASE_STRIP = NO;
				DEBUG_INFORMATION_FORMAT = "dwarf-with-dsym";
				ENABLE_NS_ASSERTIONS = NO;
				ENABLE_STRICT_OBJC_MSGSEND = YES;
				GCC_C_LANGUAGE_STANDARD = gnu99;
				GCC_NO_COMMON_BLOCKS = YES;
				GCC_WARN_64_TO_32_BIT_CONVERSION = YES;
				GCC_WARN_ABOUT_RETURN_TYPE = YES_ERROR;
				GCC_WARN_UNDECLARED_SELECTOR = YES;
				GCC_WARN_UNINITIALIZED_AUTOS = YES_AGGRESSIVE;
				GCC_WARN_UNUSED_FUNCTION = YES;
				GCC_WARN_UNUSED_VARIABLE = YES;
				IPHONEOS_DEPLOYMENT_TARGET = 9.3;
				MTL_ENABLE_DEBUG_INFO = NO;
				SDKROOT = iphoneos;
				VALIDATE_PRODUCT = YES;
			};
			name = Release;
		};
		5F05AEA11D48F70E00FF8495 /* Debug */ = {
			isa = XCBuildConfiguration;
			baseConfigurationReference = 4433E338FAAE3AD141C7C0F9 /* Pods-DouDou.debug.xcconfig */;
			buildSettings = {
				ASSETCATALOG_COMPILER_APPICON_NAME = AppIcon;
				CODE_SIGN_IDENTITY = "iPhone Developer";
				GCC_PREFIX_HEADER = "$(SRCROOT)/$(PROJECT_NAME)/PrefixHeader.pch";
				HEADER_SEARCH_PATHS = "${PODS_ROOT}/Headers/Public/**";
				INFOPLIST_FILE = DouDou/Info.plist;
				IPHONEOS_DEPLOYMENT_TARGET = 8.0;
				LD_RUNPATH_SEARCH_PATHS = "$(inherited) @executable_path/Frameworks";
				PRODUCT_BUNDLE_IDENTIFIER = tv.caratel.DouDou;
				PRODUCT_NAME = "$(TARGET_NAME)";
				USER_HEADER_SEARCH_PATHS = "${SRCROOT}/**";
			};
			name = Debug;
		};
		5F05AEA21D48F70E00FF8495 /* Release */ = {
			isa = XCBuildConfiguration;
			baseConfigurationReference = 128FAD7F90B9F5781C2213A0 /* Pods-DouDou.release.xcconfig */;
			buildSettings = {
				ASSETCATALOG_COMPILER_APPICON_NAME = AppIcon;
				CODE_SIGN_IDENTITY = "iPhone Developer";
				GCC_PREFIX_HEADER = "$(SRCROOT)/$(PROJECT_NAME)/PrefixHeader.pch";
				HEADER_SEARCH_PATHS = "${PODS_ROOT}/Headers/Public/**";
				INFOPLIST_FILE = DouDou/Info.plist;
				IPHONEOS_DEPLOYMENT_TARGET = 8.0;
				LD_RUNPATH_SEARCH_PATHS = "$(inherited) @executable_path/Frameworks";
				PRODUCT_BUNDLE_IDENTIFIER = tv.caratel.DouDou;
				PRODUCT_NAME = "$(TARGET_NAME)";
				USER_HEADER_SEARCH_PATHS = "${SRCROOT}/**";
			};
			name = Release;
		};
		5F05AEA41D48F70E00FF8495 /* Debug */ = {
			isa = XCBuildConfiguration;
			baseConfigurationReference = D71405357221AAAE0B3AE205 /* Pods-DouDouTests.debug.xcconfig */;
			buildSettings = {
				BUNDLE_LOADER = "$(TEST_HOST)";
				INFOPLIST_FILE = DouDouTests/Info.plist;
				LD_RUNPATH_SEARCH_PATHS = "$(inherited) @executable_path/Frameworks @loader_path/Frameworks";
				PRODUCT_BUNDLE_IDENTIFIER = tv.caratel.DouDouTests;
				PRODUCT_NAME = "$(TARGET_NAME)";
				TEST_HOST = "$(BUILT_PRODUCTS_DIR)/DouDou.app/DouDou";
			};
			name = Debug;
		};
		5F05AEA51D48F70E00FF8495 /* Release */ = {
			isa = XCBuildConfiguration;
			baseConfigurationReference = 7531A7B4D137B48EF58A06AE /* Pods-DouDouTests.release.xcconfig */;
			buildSettings = {
				BUNDLE_LOADER = "$(TEST_HOST)";
				INFOPLIST_FILE = DouDouTests/Info.plist;
				LD_RUNPATH_SEARCH_PATHS = "$(inherited) @executable_path/Frameworks @loader_path/Frameworks";
				PRODUCT_BUNDLE_IDENTIFIER = tv.caratel.DouDouTests;
				PRODUCT_NAME = "$(TARGET_NAME)";
				TEST_HOST = "$(BUILT_PRODUCTS_DIR)/DouDou.app/DouDou";
			};
			name = Release;
		};
/* End XCBuildConfiguration section */

/* Begin XCConfigurationList section */
		5F05AE7F1D48F70D00FF8495 /* Build configuration list for PBXProject "DouDou" */ = {
			isa = XCConfigurationList;
			buildConfigurations = (
				5F05AE9E1D48F70E00FF8495 /* Debug */,
				5F05AE9F1D48F70E00FF8495 /* Release */,
			);
			defaultConfigurationIsVisible = 0;
			defaultConfigurationName = Release;
		};
		5F05AEA01D48F70E00FF8495 /* Build configuration list for PBXNativeTarget "DouDou" */ = {
			isa = XCConfigurationList;
			buildConfigurations = (
				5F05AEA11D48F70E00FF8495 /* Debug */,
				5F05AEA21D48F70E00FF8495 /* Release */,
			);
			defaultConfigurationIsVisible = 0;
			defaultConfigurationName = Release;
		};
		5F05AEA31D48F70E00FF8495 /* Build configuration list for PBXNativeTarget "DouDouTests" */ = {
			isa = XCConfigurationList;
			buildConfigurations = (
				5F05AEA41D48F70E00FF8495 /* Debug */,
				5F05AEA51D48F70E00FF8495 /* Release */,
			);
			defaultConfigurationIsVisible = 0;
			defaultConfigurationName = Release;
		};
/* End XCConfigurationList section */
	};
	rootObject = 5F05AE7C1D48F70D00FF8495 /* Project object */;
}
